
Microsoft Visual Studio Solution File, Format Version 12.00
# Visual Studio Version 16
VisualStudioVersion = 16.0.31702.278
MinimumVisualStudioVersion = 10.0.40219.1
Project("{FAE04EC0-301F-11D3-BF4B-00C04F79EFBC}") = "Aula128_Sobreposicao", "Aula128_Sobreposicao\Aula128_Sobreposicao.csproj", "{105C6961-0AAD-4EAF-BC15-ADA537AE34CF}"
EndProject
Global
	GlobalSection(SolutionConfigurationPlatforms) = preSolution
		Debug|Any CPU = Debug|Any CPU
		Release|Any CPU = Release|Any CPU
	EndGlobalSection
	GlobalSection(ProjectConfigurationPlatforms) = postSolution
		{105C6961-0AAD-4EAF-BC15-ADA537AE34CF}.Debug|Any CPU.ActiveCfg = Debug|Any CPU
		{105C6961-0AAD-4EAF-BC15-ADA537AE34CF}.Debug|Any CPU.Build.0 = Debug|Any CPU
		{105C6961-0AAD-4EAF-BC15-ADA537AE34CF}.Release|Any CPU.ActiveCfg = Release|Any CPU
		{105C6961-0AAD-4EAF-BC15-ADA537AE34CF}.Release|Any CPU.Build.0 = Release|Any CPU
	EndGlobalSection
	GlobalSection(SolutionProperties) = preSolution
		HideSolutionNode = FALSE
	EndGlobalSection
	GlobalSection(ExtensibilityGlobals) = postSolution
		SolutionGuid = {68D57FBF-B177-46D7-991F-2C347F7A4C4D}
	EndGlobalSection
EndGlobal
